
Microsoft Visual Studio Solution File, Format Version 12.00
# Visual Studio Version 16
VisualStudioVersion = 16.0.32106.194
MinimumVisualStudioVersion = 10.0.40219.1
Project("{FAE04EC0-301F-11D3-BF4B-00C04F79EFBC}") = "Lesson8_Task1", "Lesson8_Task1\Lesson8_Task1.csproj", "{02B2C7EA-769D-4EA7-B271-7412E31B602C}"
EndProject
Project("{FAE04EC0-301F-11D3-BF4B-00C04F79EFBC}") = "Lesson8_Task2", "Lesson8_Task2\Lesson8_Task2.csproj", "{9BA390C4-6C31-4ADB-961E-4E70377DC90E}"
EndProject
Global
	GlobalSection(SolutionConfigurationPlatforms) = preSolution
		Debug|Any CPU = Debug|Any CPU
		Release|Any CPU = Release|Any CPU
	EndGlobalSection
	GlobalSection(ProjectConfigurationPlatforms) = postSolution
		{02B2C7EA-769D-4EA7-B271-7412E31B602C}.Debug|Any CPU.ActiveCfg = Debug|Any CPU
		{02B2C7EA-769D-4EA7-B271-7412E31B602C}.Debug|Any CPU.Build.0 = Debug|Any CPU
		{02B2C7EA-769D-4EA7-B271-7412E31B602C}.Release|Any CPU.ActiveCfg = Release|Any CPU
		{02B2C7EA-769D-4EA7-B271-7412E31B602C}.Release|Any CPU.Build.0 = Release|Any CPU
		{9BA390C4-6C31-4ADB-961E-4E70377DC90E}.Debug|Any CPU.ActiveCfg = Debug|Any CPU
		{9BA390C4-6C31-4ADB-961E-4E70377DC90E}.Debug|Any CPU.Build.0 = Debug|Any CPU
		{9BA390C4-6C31-4ADB-961E-4E70377DC90E}.Release|Any CPU.ActiveCfg = Release|Any CPU
		{9BA390C4-6C31-4ADB-961E-4E70377DC90E}.Release|Any CPU.Build.0 = Release|Any CPU
	EndGlobalSection
	GlobalSection(SolutionProperties) = preSolution
		HideSolutionNode = FALSE
	EndGlobalSection
	GlobalSection(ExtensibilityGlobals) = postSolution
		SolutionGuid = {31896333-28EF-4AEF-AE37-9C95D44C0460}
	EndGlobalSection
EndGlobal
