
Microsoft Visual Studio Solution File, Format Version 12.00
# Visual Studio Version 16
VisualStudioVersion = 16.0.32106.194
MinimumVisualStudioVersion = 10.0.40219.1
Project("{FAE04EC0-301F-11D3-BF4B-00C04F79EFBC}") = "Lesson4_Task1", "Lesson4_Task1\Lesson4_Task1.csproj", "{B890A489-6E16-4D59-AB68-13D5A1BAD04C}"
EndProject
Project("{FAE04EC0-301F-11D3-BF4B-00C04F79EFBC}") = "Lesson4_Task2", "Lesson4_Task2\Lesson4_Task2.csproj", "{06158702-A4F3-4215-B7B2-95CB0091EB03}"
EndProject
Global
	GlobalSection(SolutionConfigurationPlatforms) = preSolution
		Debug|Any CPU = Debug|Any CPU
		Release|Any CPU = Release|Any CPU
	EndGlobalSection
	GlobalSection(ProjectConfigurationPlatforms) = postSolution
		{B890A489-6E16-4D59-AB68-13D5A1BAD04C}.Debug|Any CPU.ActiveCfg = Debug|Any CPU
		{B890A489-6E16-4D59-AB68-13D5A1BAD04C}.Debug|Any CPU.Build.0 = Debug|Any CPU
		{B890A489-6E16-4D59-AB68-13D5A1BAD04C}.Release|Any CPU.ActiveCfg = Release|Any CPU
		{B890A489-6E16-4D59-AB68-13D5A1BAD04C}.Release|Any CPU.Build.0 = Release|Any CPU
		{06158702-A4F3-4215-B7B2-95CB0091EB03}.Debug|Any CPU.ActiveCfg = Debug|Any CPU
		{06158702-A4F3-4215-B7B2-95CB0091EB03}.Debug|Any CPU.Build.0 = Debug|Any CPU
		{06158702-A4F3-4215-B7B2-95CB0091EB03}.Release|Any CPU.ActiveCfg = Release|Any CPU
		{06158702-A4F3-4215-B7B2-95CB0091EB03}.Release|Any CPU.Build.0 = Release|Any CPU
	EndGlobalSection
	GlobalSection(SolutionProperties) = preSolution
		HideSolutionNode = FALSE
	EndGlobalSection
	GlobalSection(ExtensibilityGlobals) = postSolution
		SolutionGuid = {942C8358-0DE8-494F-93EE-46FA754C7740}
	EndGlobalSection
EndGlobal
