
Microsoft Visual Studio Solution File, Format Version 12.00
# Visual Studio Version 16
VisualStudioVersion = 16.0.32106.194
MinimumVisualStudioVersion = 10.0.40219.1
Project("{FAE04EC0-301F-11D3-BF4B-00C04F79EFBC}") = "Lesson5_Task1", "Lesson5_Task1\Lesson5_Task1.csproj", "{CBC0DB68-A4BF-4640-99FF-C594F947D5FD}"
EndProject
Global
	GlobalSection(SolutionConfigurationPlatforms) = preSolution
		Debug|Any CPU = Debug|Any CPU
		Release|Any CPU = Release|Any CPU
	EndGlobalSection
	GlobalSection(ProjectConfigurationPlatforms) = postSolution
		{CBC0DB68-A4BF-4640-99FF-C594F947D5FD}.Debug|Any CPU.ActiveCfg = Debug|Any CPU
		{CBC0DB68-A4BF-4640-99FF-C594F947D5FD}.Debug|Any CPU.Build.0 = Debug|Any CPU
		{CBC0DB68-A4BF-4640-99FF-C594F947D5FD}.Release|Any CPU.ActiveCfg = Release|Any CPU
		{CBC0DB68-A4BF-4640-99FF-C594F947D5FD}.Release|Any CPU.Build.0 = Release|Any CPU
	EndGlobalSection
	GlobalSection(SolutionProperties) = preSolution
		HideSolutionNode = FALSE
	EndGlobalSection
	GlobalSection(ExtensibilityGlobals) = postSolution
		SolutionGuid = {67567F13-5CBB-4CF0-811E-6F1F69272347}
	EndGlobalSection
EndGlobal
